
Microsoft Visual Studio Solution File, Format Version 12.00
# Visual Studio Version 16
VisualStudioVersion = 16.0.29728.190
MinimumVisualStudioVersion = 10.0.40219.1
Project("{8BC9CEB8-8B4A-11D0-8D11-00A0C91BC942}") = "Main", "Lab01_OS_KharchenkoRK\Lab01_OS_KharchenkoRK.vcxproj", "{A2326032-5195-4B35-A4D5-21A6581F5F25}"
EndProject
Project("{8BC9CEB8-8B4A-11D0-8D11-00A0C91BC942}") = "Creator", "Creator\Creator.vcxproj", "{7A9EDE0A-C850-45B8-A1E4-8526F69B5C8D}"
EndProject
Project("{8BC9CEB8-8B4A-11D0-8D11-00A0C91BC942}") = "Reporter", "Reporter\Reporter.vcxproj", "{29D5FE05-3415-4257-A66C-EFFCEED1979E}"
EndProject
Global
	GlobalSection(SolutionConfigurationPlatforms) = preSolution
		Debug|x64 = Debug|x64
		Debug|x86 = Debug|x86
		Release|x64 = Release|x64
		Release|x86 = Release|x86
	EndGlobalSection
	GlobalSection(ProjectConfigurationPlatforms) = postSolution
		{A2326032-5195-4B35-A4D5-21A6581F5F25}.Debug|x64.ActiveCfg = Debug|x64
		{A2326032-5195-4B35-A4D5-21A6581F5F25}.Debug|x64.Build.0 = Debug|x64
		{A2326032-5195-4B35-A4D5-21A6581F5F25}.Debug|x86.ActiveCfg = Debug|Win32
		{A2326032-5195-4B35-A4D5-21A6581F5F25}.Debug|x86.Build.0 = Debug|Win32
		{A2326032-5195-4B35-A4D5-21A6581F5F25}.Release|x64.ActiveCfg = Release|x64
		{A2326032-5195-4B35-A4D5-21A6581F5F25}.Release|x64.Build.0 = Release|x64
		{A2326032-5195-4B35-A4D5-21A6581F5F25}.Release|x86.ActiveCfg = Release|Win32
		{A2326032-5195-4B35-A4D5-21A6581F5F25}.Release|x86.Build.0 = Release|Win32
		{7A9EDE0A-C850-45B8-A1E4-8526F69B5C8D}.Debug|x64.ActiveCfg = Debug|x64
		{7A9EDE0A-C850-45B8-A1E4-8526F69B5C8D}.Debug|x64.Build.0 = Debug|x64
		{7A9EDE0A-C850-45B8-A1E4-8526F69B5C8D}.Debug|x86.ActiveCfg = Debug|Win32
		{7A9EDE0A-C850-45B8-A1E4-8526F69B5C8D}.Debug|x86.Build.0 = Debug|Win32
		{7A9EDE0A-C850-45B8-A1E4-8526F69B5C8D}.Release|x64.ActiveCfg = Release|x64
		{7A9EDE0A-C850-45B8-A1E4-8526F69B5C8D}.Release|x64.Build.0 = Release|x64
		{7A9EDE0A-C850-45B8-A1E4-8526F69B5C8D}.Release|x86.ActiveCfg = Release|Win32
		{7A9EDE0A-C850-45B8-A1E4-8526F69B5C8D}.Release|x86.Build.0 = Release|Win32
		{29D5FE05-3415-4257-A66C-EFFCEED1979E}.Debug|x64.ActiveCfg = Debug|x64
		{29D5FE05-3415-4257-A66C-EFFCEED1979E}.Debug|x64.Build.0 = Debug|x64
		{29D5FE05-3415-4257-A66C-EFFCEED1979E}.Debug|x86.ActiveCfg = Debug|Win32
		{29D5FE05-3415-4257-A66C-EFFCEED1979E}.Debug|x86.Build.0 = Debug|Win32
		{29D5FE05-3415-4257-A66C-EFFCEED1979E}.Release|x64.ActiveCfg = Release|x64
		{29D5FE05-3415-4257-A66C-EFFCEED1979E}.Release|x64.Build.0 = Release|x64
		{29D5FE05-3415-4257-A66C-EFFCEED1979E}.Release|x86.ActiveCfg = Release|Win32
		{29D5FE05-3415-4257-A66C-EFFCEED1979E}.Release|x86.Build.0 = Release|Win32
	EndGlobalSection
	GlobalSection(SolutionProperties) = preSolution
		HideSolutionNode = FALSE
	EndGlobalSection
	GlobalSection(ExtensibilityGlobals) = postSolution
		SolutionGuid = {596933F5-AC43-4F4D-85DF-6C0C5E19A7EF}
	EndGlobalSection
EndGlobal
